
Microsoft Visual Studio Solution File, Format Version 12.00
# Visual Studio 15
VisualStudioVersion = 15.0.26730.16
MinimumVisualStudioVersion = 10.0.40219.1
Project("{8BC9CEB8-8B4A-11D0-8D11-00A0C91BC942}") = "CommLibWrapper", "CommLibWrapper\CommLibWrapper.vcxproj", "{B1DB1846-C0FC-48EF-80E4-DC556E9240FA}"
EndProject
Project("{8BC9CEB8-8B4A-11D0-8D11-00A0C91BC942}") = "Translater", "Translater\Translater.vcxproj", "{6105617E-3D4C-4914-BA33-E3D053496BA3}"
EndProject
Project("{8BC9CEB8-8B4A-11D0-8D11-00A0C91BC942}") = "Message", "CppCommWithFileXfer\Message\Message.vcxproj", "{4133D528-AB6D-4CCD-AF37-67536F36154C}"
EndProject
Project("{8BC9CEB8-8B4A-11D0-8D11-00A0C91BC942}") = "MsgPassingComm", "CppCommWithFileXfer\MsgPassingComm\MsgPassingComm.vcxproj", "{6E58E051-CC07-4D7F-92A4-06A117A79CA7}"
EndProject
Project("{8BC9CEB8-8B4A-11D0-8D11-00A0C91BC942}") = "Utilities", "CppCommWithFileXfer\Utilities\Utilities.vcxproj", "{462B43B2-8B13-4178-BF2A-903F76F1985C}"
EndProject
Project("{8BC9CEB8-8B4A-11D0-8D11-00A0C91BC942}") = "Sockets", "CppCommWithFileXfer\Sockets\Sockets.vcxproj", "{CA3129B8-1BF4-44C9-B116-53EC72D0BCCB}"
EndProject
Project("{8BC9CEB8-8B4A-11D0-8D11-00A0C91BC942}") = "Server", "Server\Server.vcxproj", "{0F7C694B-CCD7-4E51-A74D-99E8CABD8272}"
EndProject
Project("{FAE04EC0-301F-11D3-BF4B-00C04F79EFBC}") = "ClientGUI", "ClientGUI\ClientGUI.csproj", "{6564D590-C0F1-4FD3-ABBF-EED28B83013B}"
EndProject
Project("{8BC9CEB8-8B4A-11D0-8D11-00A0C91BC942}") = "Browse", "Browse\Browse.vcxproj", "{A9F80192-AF33-48B7-9FEC-081363AC0C9C}"
EndProject
Project("{8BC9CEB8-8B4A-11D0-8D11-00A0C91BC942}") = "Check-In", "Check-In\Check-In.vcxproj", "{AE2264E0-B420-481F-9C4A-F097A12A9EBB}"
EndProject
Project("{8BC9CEB8-8B4A-11D0-8D11-00A0C91BC942}") = "Check-Out", "Check-Out\Check-Out.vcxproj", "{40A4F24E-1809-4815-A4FD-753DD3069707}"
EndProject
Project("{8BC9CEB8-8B4A-11D0-8D11-00A0C91BC942}") = "DateTime", "DateTime\DateTime.vcxproj", "{C1E1F450-B7E1-4796-84D5-7D3C831DFF68}"
EndProject
Project("{8BC9CEB8-8B4A-11D0-8D11-00A0C91BC942}") = "DBCore", "DBCore\DBCore.vcxproj", "{29ABFC46-682F-4C28-A131-35207C5ED1B7}"
EndProject
Project("{8BC9CEB8-8B4A-11D0-8D11-00A0C91BC942}") = "Payload", "Payload\Payload.vcxproj", "{DA67F46F-8596-4383-B286-79DD0CF7A3C6}"
EndProject
Project("{8BC9CEB8-8B4A-11D0-8D11-00A0C91BC942}") = "Persistance", "Persistance\Persistance.vcxproj", "{35FE9902-63EF-4D5A-9812-93D992A2FEB5}"
EndProject
Project("{8BC9CEB8-8B4A-11D0-8D11-00A0C91BC942}") = "Query", "Query\Query.vcxproj", "{AAF92D8C-0D73-4B39-8C93-2836D4F1C8D9}"
EndProject
Project("{8BC9CEB8-8B4A-11D0-8D11-00A0C91BC942}") = "RepoCore", "RepoCore\RepoCore.vcxproj", "{4CCD878A-2C14-4522-A184-8463C8914C72}"
EndProject
Project("{8BC9CEB8-8B4A-11D0-8D11-00A0C91BC942}") = "Version", "Version\Version.vcxproj", "{2D3B7512-1719-49AC-92BF-C98A707C816E}"
EndProject
Project("{8BC9CEB8-8B4A-11D0-8D11-00A0C91BC942}") = "XmlDocument", "XmlDocument\XmlDocument.vcxproj", "{0A82ECDC-7520-453A-8F2C-D813FEEE7537}"
EndProject
Project("{8BC9CEB8-8B4A-11D0-8D11-00A0C91BC942}") = "FileSystem", "FileSystem-Windows\FileSystemDemo\FileSystemDemo.vcxproj", "{EF4A3188-CA93-45A2-AB52-7548669E3AA8}"
EndProject
Global
	GlobalSection(SolutionConfigurationPlatforms) = preSolution
		Debug|Any CPU = Debug|Any CPU
		Debug|x64 = Debug|x64
		Debug|x86 = Debug|x86
		Release|Any CPU = Release|Any CPU
		Release|x64 = Release|x64
		Release|x86 = Release|x86
	EndGlobalSection
	GlobalSection(ProjectConfigurationPlatforms) = postSolution
		{B1DB1846-C0FC-48EF-80E4-DC556E9240FA}.Debug|Any CPU.ActiveCfg = Debug|Win32
		{B1DB1846-C0FC-48EF-80E4-DC556E9240FA}.Debug|Any CPU.Build.0 = Debug|Win32
		{B1DB1846-C0FC-48EF-80E4-DC556E9240FA}.Debug|x64.ActiveCfg = Debug|x64
		{B1DB1846-C0FC-48EF-80E4-DC556E9240FA}.Debug|x64.Build.0 = Debug|x64
		{B1DB1846-C0FC-48EF-80E4-DC556E9240FA}.Debug|x86.ActiveCfg = Debug|Win32
		{B1DB1846-C0FC-48EF-80E4-DC556E9240FA}.Debug|x86.Build.0 = Debug|Win32
		{B1DB1846-C0FC-48EF-80E4-DC556E9240FA}.Release|Any CPU.ActiveCfg = Release|Win32
		{B1DB1846-C0FC-48EF-80E4-DC556E9240FA}.Release|x64.ActiveCfg = Release|x64
		{B1DB1846-C0FC-48EF-80E4-DC556E9240FA}.Release|x64.Build.0 = Release|x64
		{B1DB1846-C0FC-48EF-80E4-DC556E9240FA}.Release|x86.ActiveCfg = Release|Win32
		{B1DB1846-C0FC-48EF-80E4-DC556E9240FA}.Release|x86.Build.0 = Release|Win32
		{6105617E-3D4C-4914-BA33-E3D053496BA3}.Debug|Any CPU.ActiveCfg = Debug|Win32
		{6105617E-3D4C-4914-BA33-E3D053496BA3}.Debug|Any CPU.Build.0 = Debug|Win32
		{6105617E-3D4C-4914-BA33-E3D053496BA3}.Debug|x64.ActiveCfg = Debug|x64
		{6105617E-3D4C-4914-BA33-E3D053496BA3}.Debug|x64.Build.0 = Debug|x64
		{6105617E-3D4C-4914-BA33-E3D053496BA3}.Debug|x86.ActiveCfg = Debug|Win32
		{6105617E-3D4C-4914-BA33-E3D053496BA3}.Debug|x86.Build.0 = Debug|Win32
		{6105617E-3D4C-4914-BA33-E3D053496BA3}.Release|Any CPU.ActiveCfg = Release|Win32
		{6105617E-3D4C-4914-BA33-E3D053496BA3}.Release|x64.ActiveCfg = Release|x64
		{6105617E-3D4C-4914-BA33-E3D053496BA3}.Release|x64.Build.0 = Release|x64
		{6105617E-3D4C-4914-BA33-E3D053496BA3}.Release|x86.ActiveCfg = Release|Win32
		{6105617E-3D4C-4914-BA33-E3D053496BA3}.Release|x86.Build.0 = Release|Win32
		{4133D528-AB6D-4CCD-AF37-67536F36154C}.Debug|Any CPU.ActiveCfg = Debug|Win32
		{4133D528-AB6D-4CCD-AF37-67536F36154C}.Debug|Any CPU.Build.0 = Debug|Win32
		{4133D528-AB6D-4CCD-AF37-67536F36154C}.Debug|x64.ActiveCfg = Debug|x64
		{4133D528-AB6D-4CCD-AF37-67536F36154C}.Debug|x64.Build.0 = Debug|x64
		{4133D528-AB6D-4CCD-AF37-67536F36154C}.Debug|x86.ActiveCfg = Debug|Win32
		{4133D528-AB6D-4CCD-AF37-67536F36154C}.Debug|x86.Build.0 = Debug|Win32
		{4133D528-AB6D-4CCD-AF37-67536F36154C}.Release|Any CPU.ActiveCfg = Release|Win32
		{4133D528-AB6D-4CCD-AF37-67536F36154C}.Release|x64.ActiveCfg = Release|x64
		{4133D528-AB6D-4CCD-AF37-67536F36154C}.Release|x64.Build.0 = Release|x64
		{4133D528-AB6D-4CCD-AF37-67536F36154C}.Release|x86.ActiveCfg = Release|Win32
		{4133D528-AB6D-4CCD-AF37-67536F36154C}.Release|x86.Build.0 = Release|Win32
		{6E58E051-CC07-4D7F-92A4-06A117A79CA7}.Debug|Any CPU.ActiveCfg = Debug|Win32
		{6E58E051-CC07-4D7F-92A4-06A117A79CA7}.Debug|Any CPU.Build.0 = Debug|Win32
		{6E58E051-CC07-4D7F-92A4-06A117A79CA7}.Debug|x64.ActiveCfg = Debug|x64
		{6E58E051-CC07-4D7F-92A4-06A117A79CA7}.Debug|x64.Build.0 = Debug|x64
		{6E58E051-CC07-4D7F-92A4-06A117A79CA7}.Debug|x86.ActiveCfg = Debug|Win32
		{6E58E051-CC07-4D7F-92A4-06A117A79CA7}.Debug|x86.Build.0 = Debug|Win32
		{6E58E051-CC07-4D7F-92A4-06A117A79CA7}.Release|Any CPU.ActiveCfg = Release|Win32
		{6E58E051-CC07-4D7F-92A4-06A117A79CA7}.Release|x64.ActiveCfg = Release|x64
		{6E58E051-CC07-4D7F-92A4-06A117A79CA7}.Release|x64.Build.0 = Release|x64
		{6E58E051-CC07-4D7F-92A4-06A117A79CA7}.Release|x86.ActiveCfg = Release|Win32
		{6E58E051-CC07-4D7F-92A4-06A117A79CA7}.Release|x86.Build.0 = Release|Win32
		{462B43B2-8B13-4178-BF2A-903F76F1985C}.Debug|Any CPU.ActiveCfg = Debug|Win32
		{462B43B2-8B13-4178-BF2A-903F76F1985C}.Debug|Any CPU.Build.0 = Debug|Win32
		{462B43B2-8B13-4178-BF2A-903F76F1985C}.Debug|x64.ActiveCfg = Debug|x64
		{462B43B2-8B13-4178-BF2A-903F76F1985C}.Debug|x64.Build.0 = Debug|x64
		{462B43B2-8B13-4178-BF2A-903F76F1985C}.Debug|x86.ActiveCfg = Debug|Win32
		{462B43B2-8B13-4178-BF2A-903F76F1985C}.Debug|x86.Build.0 = Debug|Win32
		{462B43B2-8B13-4178-BF2A-903F76F1985C}.Release|Any CPU.ActiveCfg = Release|Win32
		{462B43B2-8B13-4178-BF2A-903F76F1985C}.Release|x64.ActiveCfg = Release|x64
		{462B43B2-8B13-4178-BF2A-903F76F1985C}.Release|x64.Build.0 = Release|x64
		{462B43B2-8B13-4178-BF2A-903F76F1985C}.Release|x86.ActiveCfg = Release|Win32
		{462B43B2-8B13-4178-BF2A-903F76F1985C}.Release|x86.Build.0 = Release|Win32
		{CA3129B8-1BF4-44C9-B116-53EC72D0BCCB}.Debug|Any CPU.ActiveCfg = Debug|Win32
		{CA3129B8-1BF4-44C9-B116-53EC72D0BCCB}.Debug|Any CPU.Build.0 = Debug|Win32
		{CA3129B8-1BF4-44C9-B116-53EC72D0BCCB}.Debug|x64.ActiveCfg = Debug|Win32
		{CA3129B8-1BF4-44C9-B116-53EC72D0BCCB}.Debug|x86.ActiveCfg = Debug|Win32
		{CA3129B8-1BF4-44C9-B116-53EC72D0BCCB}.Debug|x86.Build.0 = Debug|Win32
		{CA3129B8-1BF4-44C9-B116-53EC72D0BCCB}.Release|Any CPU.ActiveCfg = Release|Win32
		{CA3129B8-1BF4-44C9-B116-53EC72D0BCCB}.Release|x64.ActiveCfg = Release|Win32
		{CA3129B8-1BF4-44C9-B116-53EC72D0BCCB}.Release|x86.ActiveCfg = Release|Win32
		{CA3129B8-1BF4-44C9-B116-53EC72D0BCCB}.Release|x86.Build.0 = Release|Win32
		{0F7C694B-CCD7-4E51-A74D-99E8CABD8272}.Debug|Any CPU.ActiveCfg = Debug|Win32
		{0F7C694B-CCD7-4E51-A74D-99E8CABD8272}.Debug|Any CPU.Build.0 = Debug|Win32
		{0F7C694B-CCD7-4E51-A74D-99E8CABD8272}.Debug|x64.ActiveCfg = Debug|x64
		{0F7C694B-CCD7-4E51-A74D-99E8CABD8272}.Debug|x64.Build.0 = Debug|x64
		{0F7C694B-CCD7-4E51-A74D-99E8CABD8272}.Debug|x86.ActiveCfg = Debug|Win32
		{0F7C694B-CCD7-4E51-A74D-99E8CABD8272}.Debug|x86.Build.0 = Debug|Win32
		{0F7C694B-CCD7-4E51-A74D-99E8CABD8272}.Release|Any CPU.ActiveCfg = Release|Win32
		{0F7C694B-CCD7-4E51-A74D-99E8CABD8272}.Release|x64.ActiveCfg = Release|x64
		{0F7C694B-CCD7-4E51-A74D-99E8CABD8272}.Release|x64.Build.0 = Release|x64
		{0F7C694B-CCD7-4E51-A74D-99E8CABD8272}.Release|x86.ActiveCfg = Release|Win32
		{0F7C694B-CCD7-4E51-A74D-99E8CABD8272}.Release|x86.Build.0 = Release|Win32
		{6564D590-C0F1-4FD3-ABBF-EED28B83013B}.Debug|Any CPU.ActiveCfg = Debug|x86
		{6564D590-C0F1-4FD3-ABBF-EED28B83013B}.Debug|Any CPU.Build.0 = Debug|x86
		{6564D590-C0F1-4FD3-ABBF-EED28B83013B}.Debug|x64.ActiveCfg = Debug|Any CPU
		{6564D590-C0F1-4FD3-ABBF-EED28B83013B}.Debug|x64.Build.0 = Debug|Any CPU
		{6564D590-C0F1-4FD3-ABBF-EED28B83013B}.Debug|x86.ActiveCfg = Debug|Any CPU
		{6564D590-C0F1-4FD3-ABBF-EED28B83013B}.Debug|x86.Build.0 = Debug|Any CPU
		{6564D590-C0F1-4FD3-ABBF-EED28B83013B}.Release|Any CPU.ActiveCfg = Release|Any CPU
		{6564D590-C0F1-4FD3-ABBF-EED28B83013B}.Release|Any CPU.Build.0 = Release|Any CPU
		{6564D590-C0F1-4FD3-ABBF-EED28B83013B}.Release|x64.ActiveCfg = Release|Any CPU
		{6564D590-C0F1-4FD3-ABBF-EED28B83013B}.Release|x64.Build.0 = Release|Any CPU
		{6564D590-C0F1-4FD3-ABBF-EED28B83013B}.Release|x86.ActiveCfg = Release|Any CPU
		{6564D590-C0F1-4FD3-ABBF-EED28B83013B}.Release|x86.Build.0 = Release|Any CPU
		{A9F80192-AF33-48B7-9FEC-081363AC0C9C}.Debug|Any CPU.ActiveCfg = Debug|Win32
		{A9F80192-AF33-48B7-9FEC-081363AC0C9C}.Debug|Any CPU.Build.0 = Debug|Win32
		{A9F80192-AF33-48B7-9FEC-081363AC0C9C}.Debug|x64.ActiveCfg = Debug|x64
		{A9F80192-AF33-48B7-9FEC-081363AC0C9C}.Debug|x64.Build.0 = Debug|x64
		{A9F80192-AF33-48B7-9FEC-081363AC0C9C}.Debug|x86.ActiveCfg = Debug|Win32
		{A9F80192-AF33-48B7-9FEC-081363AC0C9C}.Debug|x86.Build.0 = Debug|Win32
		{A9F80192-AF33-48B7-9FEC-081363AC0C9C}.Release|Any CPU.ActiveCfg = Release|Win32
		{A9F80192-AF33-48B7-9FEC-081363AC0C9C}.Release|x64.ActiveCfg = Release|x64
		{A9F80192-AF33-48B7-9FEC-081363AC0C9C}.Release|x64.Build.0 = Release|x64
		{A9F80192-AF33-48B7-9FEC-081363AC0C9C}.Release|x86.ActiveCfg = Release|Win32
		{A9F80192-AF33-48B7-9FEC-081363AC0C9C}.Release|x86.Build.0 = Release|Win32
		{AE2264E0-B420-481F-9C4A-F097A12A9EBB}.Debug|Any CPU.ActiveCfg = Debug|Win32
		{AE2264E0-B420-481F-9C4A-F097A12A9EBB}.Debug|Any CPU.Build.0 = Debug|Win32
		{AE2264E0-B420-481F-9C4A-F097A12A9EBB}.Debug|x64.ActiveCfg = Debug|x64
		{AE2264E0-B420-481F-9C4A-F097A12A9EBB}.Debug|x64.Build.0 = Debug|x64
		{AE2264E0-B420-481F-9C4A-F097A12A9EBB}.Debug|x86.ActiveCfg = Debug|Win32
		{AE2264E0-B420-481F-9C4A-F097A12A9EBB}.Debug|x86.Build.0 = Debug|Win32
		{AE2264E0-B420-481F-9C4A-F097A12A9EBB}.Release|Any CPU.ActiveCfg = Release|Win32
		{AE2264E0-B420-481F-9C4A-F097A12A9EBB}.Release|x64.ActiveCfg = Release|x64
		{AE2264E0-B420-481F-9C4A-F097A12A9EBB}.Release|x64.Build.0 = Release|x64
		{AE2264E0-B420-481F-9C4A-F097A12A9EBB}.Release|x86.ActiveCfg = Release|Win32
		{AE2264E0-B420-481F-9C4A-F097A12A9EBB}.Release|x86.Build.0 = Release|Win32
		{40A4F24E-1809-4815-A4FD-753DD3069707}.Debug|Any CPU.ActiveCfg = Debug|Win32
		{40A4F24E-1809-4815-A4FD-753DD3069707}.Debug|Any CPU.Build.0 = Debug|Win32
		{40A4F24E-1809-4815-A4FD-753DD3069707}.Debug|x64.ActiveCfg = Debug|x64
		{40A4F24E-1809-4815-A4FD-753DD3069707}.Debug|x64.Build.0 = Debug|x64
		{40A4F24E-1809-4815-A4FD-753DD3069707}.Debug|x86.ActiveCfg = Debug|Win32
		{40A4F24E-1809-4815-A4FD-753DD3069707}.Debug|x86.Build.0 = Debug|Win32
		{40A4F24E-1809-4815-A4FD-753DD3069707}.Release|Any CPU.ActiveCfg = Release|Win32
		{40A4F24E-1809-4815-A4FD-753DD3069707}.Release|x64.ActiveCfg = Release|x64
		{40A4F24E-1809-4815-A4FD-753DD3069707}.Release|x64.Build.0 = Release|x64
		{40A4F24E-1809-4815-A4FD-753DD3069707}.Release|x86.ActiveCfg = Release|Win32
		{40A4F24E-1809-4815-A4FD-753DD3069707}.Release|x86.Build.0 = Release|Win32
		{C1E1F450-B7E1-4796-84D5-7D3C831DFF68}.Debug|Any CPU.ActiveCfg = Debug|Win32
		{C1E1F450-B7E1-4796-84D5-7D3C831DFF68}.Debug|Any CPU.Build.0 = Debug|Win32
		{C1E1F450-B7E1-4796-84D5-7D3C831DFF68}.Debug|x64.ActiveCfg = Debug|x64
		{C1E1F450-B7E1-4796-84D5-7D3C831DFF68}.Debug|x64.Build.0 = Debug|x64
		{C1E1F450-B7E1-4796-84D5-7D3C831DFF68}.Debug|x86.ActiveCfg = Debug|Win32
		{C1E1F450-B7E1-4796-84D5-7D3C831DFF68}.Debug|x86.Build.0 = Debug|Win32
		{C1E1F450-B7E1-4796-84D5-7D3C831DFF68}.Release|Any CPU.ActiveCfg = Release|Win32
		{C1E1F450-B7E1-4796-84D5-7D3C831DFF68}.Release|x64.ActiveCfg = Release|x64
		{C1E1F450-B7E1-4796-84D5-7D3C831DFF68}.Release|x64.Build.0 = Release|x64
		{C1E1F450-B7E1-4796-84D5-7D3C831DFF68}.Release|x86.ActiveCfg = Release|Win32
		{C1E1F450-B7E1-4796-84D5-7D3C831DFF68}.Release|x86.Build.0 = Release|Win32
		{29ABFC46-682F-4C28-A131-35207C5ED1B7}.Debug|Any CPU.ActiveCfg = Debug|Win32
		{29ABFC46-682F-4C28-A131-35207C5ED1B7}.Debug|Any CPU.Build.0 = Debug|Win32
		{29ABFC46-682F-4C28-A131-35207C5ED1B7}.Debug|x64.ActiveCfg = Debug|x64
		{29ABFC46-682F-4C28-A131-35207C5ED1B7}.Debug|x64.Build.0 = Debug|x64
		{29ABFC46-682F-4C28-A131-35207C5ED1B7}.Debug|x86.ActiveCfg = Debug|Win32
		{29ABFC46-682F-4C28-A131-35207C5ED1B7}.Debug|x86.Build.0 = Debug|Win32
		{29ABFC46-682F-4C28-A131-35207C5ED1B7}.Release|Any CPU.ActiveCfg = Release|Win32
		{29ABFC46-682F-4C28-A131-35207C5ED1B7}.Release|x64.ActiveCfg = Release|x64
		{29ABFC46-682F-4C28-A131-35207C5ED1B7}.Release|x64.Build.0 = Release|x64
		{29ABFC46-682F-4C28-A131-35207C5ED1B7}.Release|x86.ActiveCfg = Release|Win32
		{29ABFC46-682F-4C28-A131-35207C5ED1B7}.Release|x86.Build.0 = Release|Win32
		{DA67F46F-8596-4383-B286-79DD0CF7A3C6}.Debug|Any CPU.ActiveCfg = Debug|Win32
		{DA67F46F-8596-4383-B286-79DD0CF7A3C6}.Debug|Any CPU.Build.0 = Debug|Win32
		{DA67F46F-8596-4383-B286-79DD0CF7A3C6}.Debug|x64.ActiveCfg = Debug|x64
		{DA67F46F-8596-4383-B286-79DD0CF7A3C6}.Debug|x64.Build.0 = Debug|x64
		{DA67F46F-8596-4383-B286-79DD0CF7A3C6}.Debug|x86.ActiveCfg = Debug|Win32
		{DA67F46F-8596-4383-B286-79DD0CF7A3C6}.Debug|x86.Build.0 = Debug|Win32
		{DA67F46F-8596-4383-B286-79DD0CF7A3C6}.Release|Any CPU.ActiveCfg = Release|Win32
		{DA67F46F-8596-4383-B286-79DD0CF7A3C6}.Release|x64.ActiveCfg = Release|x64
		{DA67F46F-8596-4383-B286-79DD0CF7A3C6}.Release|x64.Build.0 = Release|x64
		{DA67F46F-8596-4383-B286-79DD0CF7A3C6}.Release|x86.ActiveCfg = Release|Win32
		{DA67F46F-8596-4383-B286-79DD0CF7A3C6}.Release|x86.Build.0 = Release|Win32
		{35FE9902-63EF-4D5A-9812-93D992A2FEB5}.Debug|Any CPU.ActiveCfg = Debug|Win32
		{35FE9902-63EF-4D5A-9812-93D992A2FEB5}.Debug|Any CPU.Build.0 = Debug|Win32
		{35FE9902-63EF-4D5A-9812-93D992A2FEB5}.Debug|x64.ActiveCfg = Debug|x64
		{35FE9902-63EF-4D5A-9812-93D992A2FEB5}.Debug|x64.Build.0 = Debug|x64
		{35FE9902-63EF-4D5A-9812-93D992A2FEB5}.Debug|x86.ActiveCfg = Debug|Win32
		{35FE9902-63EF-4D5A-9812-93D992A2FEB5}.Debug|x86.Build.0 = Debug|Win32
		{35FE9902-63EF-4D5A-9812-93D992A2FEB5}.Release|Any CPU.ActiveCfg = Release|Win32
		{35FE9902-63EF-4D5A-9812-93D992A2FEB5}.Release|x64.ActiveCfg = Release|x64
		{35FE9902-63EF-4D5A-9812-93D992A2FEB5}.Release|x64.Build.0 = Release|x64
		{35FE9902-63EF-4D5A-9812-93D992A2FEB5}.Release|x86.ActiveCfg = Release|Win32
		{35FE9902-63EF-4D5A-9812-93D992A2FEB5}.Release|x86.Build.0 = Release|Win32
		{AAF92D8C-0D73-4B39-8C93-2836D4F1C8D9}.Debug|Any CPU.ActiveCfg = Debug|Win32
		{AAF92D8C-0D73-4B39-8C93-2836D4F1C8D9}.Debug|Any CPU.Build.0 = Debug|Win32
		{AAF92D8C-0D73-4B39-8C93-2836D4F1C8D9}.Debug|x64.ActiveCfg = Debug|x64
		{AAF92D8C-0D73-4B39-8C93-2836D4F1C8D9}.Debug|x64.Build.0 = Debug|x64
		{AAF92D8C-0D73-4B39-8C93-2836D4F1C8D9}.Debug|x86.ActiveCfg = Debug|Win32
		{AAF92D8C-0D73-4B39-8C93-2836D4F1C8D9}.Debug|x86.Build.0 = Debug|Win32
		{AAF92D8C-0D73-4B39-8C93-2836D4F1C8D9}.Release|Any CPU.ActiveCfg = Release|Win32
		{AAF92D8C-0D73-4B39-8C93-2836D4F1C8D9}.Release|x64.ActiveCfg = Release|x64
		{AAF92D8C-0D73-4B39-8C93-2836D4F1C8D9}.Release|x64.Build.0 = Release|x64
		{AAF92D8C-0D73-4B39-8C93-2836D4F1C8D9}.Release|x86.ActiveCfg = Release|Win32
		{AAF92D8C-0D73-4B39-8C93-2836D4F1C8D9}.Release|x86.Build.0 = Release|Win32
		{4CCD878A-2C14-4522-A184-8463C8914C72}.Debug|Any CPU.ActiveCfg = Debug|Win32
		{4CCD878A-2C14-4522-A184-8463C8914C72}.Debug|Any CPU.Build.0 = Debug|Win32
		{4CCD878A-2C14-4522-A184-8463C8914C72}.Debug|x64.ActiveCfg = Debug|x64
		{4CCD878A-2C14-4522-A184-8463C8914C72}.Debug|x64.Build.0 = Debug|x64
		{4CCD878A-2C14-4522-A184-8463C8914C72}.Debug|x86.ActiveCfg = Debug|Win32
		{4CCD878A-2C14-4522-A184-8463C8914C72}.Debug|x86.Build.0 = Debug|Win32
		{4CCD878A-2C14-4522-A184-8463C8914C72}.Release|Any CPU.ActiveCfg = Release|Win32
		{4CCD878A-2C14-4522-A184-8463C8914C72}.Release|x64.ActiveCfg = Release|x64
		{4CCD878A-2C14-4522-A184-8463C8914C72}.Release|x64.Build.0 = Release|x64
		{4CCD878A-2C14-4522-A184-8463C8914C72}.Release|x86.ActiveCfg = Release|Win32
		{4CCD878A-2C14-4522-A184-8463C8914C72}.Release|x86.Build.0 = Release|Win32
		{2D3B7512-1719-49AC-92BF-C98A707C816E}.Debug|Any CPU.ActiveCfg = Debug|Win32
		{2D3B7512-1719-49AC-92BF-C98A707C816E}.Debug|Any CPU.Build.0 = Debug|Win32
		{2D3B7512-1719-49AC-92BF-C98A707C816E}.Debug|x64.ActiveCfg = Debug|x64
		{2D3B7512-1719-49AC-92BF-C98A707C816E}.Debug|x64.Build.0 = Debug|x64
		{2D3B7512-1719-49AC-92BF-C98A707C816E}.Debug|x86.ActiveCfg = Debug|Win32
		{2D3B7512-1719-49AC-92BF-C98A707C816E}.Debug|x86.Build.0 = Debug|Win32
		{2D3B7512-1719-49AC-92BF-C98A707C816E}.Release|Any CPU.ActiveCfg = Release|Win32
		{2D3B7512-1719-49AC-92BF-C98A707C816E}.Release|x64.ActiveCfg = Release|x64
		{2D3B7512-1719-49AC-92BF-C98A707C816E}.Release|x64.Build.0 = Release|x64
		{2D3B7512-1719-49AC-92BF-C98A707C816E}.Release|x86.ActiveCfg = Release|Win32
		{2D3B7512-1719-49AC-92BF-C98A707C816E}.Release|x86.Build.0 = Release|Win32
		{0A82ECDC-7520-453A-8F2C-D813FEEE7537}.Debug|Any CPU.ActiveCfg = Debug|Win32
		{0A82ECDC-7520-453A-8F2C-D813FEEE7537}.Debug|Any CPU.Build.0 = Debug|Win32
		{0A82ECDC-7520-453A-8F2C-D813FEEE7537}.Debug|x64.ActiveCfg = Debug|Win32
		{0A82ECDC-7520-453A-8F2C-D813FEEE7537}.Debug|x86.ActiveCfg = Debug|Win32
		{0A82ECDC-7520-453A-8F2C-D813FEEE7537}.Debug|x86.Build.0 = Debug|Win32
		{0A82ECDC-7520-453A-8F2C-D813FEEE7537}.Release|Any CPU.ActiveCfg = Release|Win32
		{0A82ECDC-7520-453A-8F2C-D813FEEE7537}.Release|x64.ActiveCfg = Release|Win32
		{0A82ECDC-7520-453A-8F2C-D813FEEE7537}.Release|x86.ActiveCfg = Release|Win32
		{0A82ECDC-7520-453A-8F2C-D813FEEE7537}.Release|x86.Build.0 = Release|Win32
		{EF4A3188-CA93-45A2-AB52-7548669E3AA8}.Debug|Any CPU.ActiveCfg = Debug|Win32
		{EF4A3188-CA93-45A2-AB52-7548669E3AA8}.Debug|Any CPU.Build.0 = Debug|Win32
		{EF4A3188-CA93-45A2-AB52-7548669E3AA8}.Debug|x64.ActiveCfg = Debug|Win32
		{EF4A3188-CA93-45A2-AB52-7548669E3AA8}.Debug|x86.ActiveCfg = Debug|Win32
		{EF4A3188-CA93-45A2-AB52-7548669E3AA8}.Debug|x86.Build.0 = Debug|Win32
		{EF4A3188-CA93-45A2-AB52-7548669E3AA8}.Release|Any CPU.ActiveCfg = Release|Win32
		{EF4A3188-CA93-45A2-AB52-7548669E3AA8}.Release|x64.ActiveCfg = Release|Win32
		{EF4A3188-CA93-45A2-AB52-7548669E3AA8}.Release|x86.ActiveCfg = Release|Win32
		{EF4A3188-CA93-45A2-AB52-7548669E3AA8}.Release|x86.Build.0 = Release|Win32
	EndGlobalSection
	GlobalSection(SolutionProperties) = preSolution
		HideSolutionNode = FALSE
	EndGlobalSection
	GlobalSection(ExtensibilityGlobals) = postSolution
		SolutionGuid = {B907197B-1790-424C-8EA4-6E06B179E3AA}
	EndGlobalSection
EndGlobal
